
Microsoft Visual Studio Solution File, Format Version 12.00
# Visual Studio Version 17
VisualStudioVersion = 17.7.34024.191
MinimumVisualStudioVersion = 10.0.40219.1
Project("{FAE04EC0-301F-11D3-BF4B-00C04F79EFBC}") = "DTXUIRenderer", "DTXUIRenderer\DTXUIRenderer.csproj", "{8DF6486A-A281-4E34-A110-769C7CE90F43}"
EndProject
Project("{9A19103F-16F7-4668-BE54-9A1E7A4F7556}") = "DTXMania", "DTXMania\DTXMania.csproj", "{FC2591A4-63D2-4A7B-BAD3-3DD38666EE6A}"
EndProject
Project("{9A19103F-16F7-4668-BE54-9A1E7A4F7556}") = "FDK", "FDK\FDK.csproj", "{64DBD349-61FC-427F-96A5-876298E1CEF4}"
EndProject
Project("{9A19103F-16F7-4668-BE54-9A1E7A4F7556}") = "libbjxa", "Libraries\libbjxa\libbjxa.csproj", "{CD021D00-316B-4455-BB3B-5D86AFE00CFC}"
EndProject
Global
	GlobalSection(SolutionConfigurationPlatforms) = preSolution
		Debug|Any CPU = Debug|Any CPU
		Debug|x64 = Debug|x64
		Debug|x86 = Debug|x86
		Release|Any CPU = Release|Any CPU
		Release|x64 = Release|x64
		Release|x86 = Release|x86
	EndGlobalSection
	GlobalSection(ProjectConfigurationPlatforms) = postSolution
		{8DF6486A-A281-4E34-A110-769C7CE90F43}.Debug|Any CPU.ActiveCfg = Debug|Any CPU
		{8DF6486A-A281-4E34-A110-769C7CE90F43}.Debug|Any CPU.Build.0 = Debug|Any CPU
		{8DF6486A-A281-4E34-A110-769C7CE90F43}.Debug|x64.ActiveCfg = Debug|Any CPU
		{8DF6486A-A281-4E34-A110-769C7CE90F43}.Debug|x64.Build.0 = Debug|Any CPU
		{8DF6486A-A281-4E34-A110-769C7CE90F43}.Debug|x86.ActiveCfg = Debug|Any CPU
		{8DF6486A-A281-4E34-A110-769C7CE90F43}.Debug|x86.Build.0 = Debug|Any CPU
		{8DF6486A-A281-4E34-A110-769C7CE90F43}.Release|Any CPU.ActiveCfg = Release|Any CPU
		{8DF6486A-A281-4E34-A110-769C7CE90F43}.Release|Any CPU.Build.0 = Release|Any CPU
		{8DF6486A-A281-4E34-A110-769C7CE90F43}.Release|x64.ActiveCfg = Release|Any CPU
		{8DF6486A-A281-4E34-A110-769C7CE90F43}.Release|x64.Build.0 = Release|Any CPU
		{8DF6486A-A281-4E34-A110-769C7CE90F43}.Release|x86.ActiveCfg = Release|Any CPU
		{8DF6486A-A281-4E34-A110-769C7CE90F43}.Release|x86.Build.0 = Release|Any CPU
		{FC2591A4-63D2-4A7B-BAD3-3DD38666EE6A}.Debug|Any CPU.ActiveCfg = Debug|Any CPU
		{FC2591A4-63D2-4A7B-BAD3-3DD38666EE6A}.Debug|Any CPU.Build.0 = Debug|Any CPU
		{FC2591A4-63D2-4A7B-BAD3-3DD38666EE6A}.Debug|x64.ActiveCfg = Debug|Any CPU
		{FC2591A4-63D2-4A7B-BAD3-3DD38666EE6A}.Debug|x64.Build.0 = Debug|Any CPU
		{FC2591A4-63D2-4A7B-BAD3-3DD38666EE6A}.Debug|x86.ActiveCfg = Debug|Any CPU
		{FC2591A4-63D2-4A7B-BAD3-3DD38666EE6A}.Debug|x86.Build.0 = Debug|Any CPU
		{FC2591A4-63D2-4A7B-BAD3-3DD38666EE6A}.Release|Any CPU.ActiveCfg = Release|Any CPU
		{FC2591A4-63D2-4A7B-BAD3-3DD38666EE6A}.Release|Any CPU.Build.0 = Release|Any CPU
		{FC2591A4-63D2-4A7B-BAD3-3DD38666EE6A}.Release|x64.ActiveCfg = Release|Any CPU
		{FC2591A4-63D2-4A7B-BAD3-3DD38666EE6A}.Release|x64.Build.0 = Release|Any CPU
		{FC2591A4-63D2-4A7B-BAD3-3DD38666EE6A}.Release|x86.ActiveCfg = Release|Any CPU
		{FC2591A4-63D2-4A7B-BAD3-3DD38666EE6A}.Release|x86.Build.0 = Release|Any CPU
		{64DBD349-61FC-427F-96A5-876298E1CEF4}.Debug|Any CPU.ActiveCfg = Debug|Any CPU
		{64DBD349-61FC-427F-96A5-876298E1CEF4}.Debug|Any CPU.Build.0 = Debug|Any CPU
		{64DBD349-61FC-427F-96A5-876298E1CEF4}.Debug|x64.ActiveCfg = Debug|Any CPU
		{64DBD349-61FC-427F-96A5-876298E1CEF4}.Debug|x64.Build.0 = Debug|Any CPU
		{64DBD349-61FC-427F-96A5-876298E1CEF4}.Debug|x86.ActiveCfg = Debug|Any CPU
		{64DBD349-61FC-427F-96A5-876298E1CEF4}.Debug|x86.Build.0 = Debug|Any CPU
		{64DBD349-61FC-427F-96A5-876298E1CEF4}.Release|Any CPU.ActiveCfg = Release|Any CPU
		{64DBD349-61FC-427F-96A5-876298E1CEF4}.Release|Any CPU.Build.0 = Release|Any CPU
		{64DBD349-61FC-427F-96A5-876298E1CEF4}.Release|x64.ActiveCfg = Release|Any CPU
		{64DBD349-61FC-427F-96A5-876298E1CEF4}.Release|x64.Build.0 = Release|Any CPU
		{64DBD349-61FC-427F-96A5-876298E1CEF4}.Release|x86.ActiveCfg = Release|Any CPU
		{64DBD349-61FC-427F-96A5-876298E1CEF4}.Release|x86.Build.0 = Release|Any CPU
		{CD021D00-316B-4455-BB3B-5D86AFE00CFC}.Debug|Any CPU.ActiveCfg = Debug|Any CPU
		{CD021D00-316B-4455-BB3B-5D86AFE00CFC}.Debug|Any CPU.Build.0 = Debug|Any CPU
		{CD021D00-316B-4455-BB3B-5D86AFE00CFC}.Debug|x64.ActiveCfg = Debug|Any CPU
		{CD021D00-316B-4455-BB3B-5D86AFE00CFC}.Debug|x64.Build.0 = Debug|Any CPU
		{CD021D00-316B-4455-BB3B-5D86AFE00CFC}.Debug|x86.ActiveCfg = Debug|Any CPU
		{CD021D00-316B-4455-BB3B-5D86AFE00CFC}.Debug|x86.Build.0 = Debug|Any CPU
		{CD021D00-316B-4455-BB3B-5D86AFE00CFC}.Release|Any CPU.ActiveCfg = Release|Any CPU
		{CD021D00-316B-4455-BB3B-5D86AFE00CFC}.Release|Any CPU.Build.0 = Release|Any CPU
		{CD021D00-316B-4455-BB3B-5D86AFE00CFC}.Release|x64.ActiveCfg = Release|Any CPU
		{CD021D00-316B-4455-BB3B-5D86AFE00CFC}.Release|x64.Build.0 = Release|Any CPU
		{CD021D00-316B-4455-BB3B-5D86AFE00CFC}.Release|x86.ActiveCfg = Release|Any CPU
		{CD021D00-316B-4455-BB3B-5D86AFE00CFC}.Release|x86.Build.0 = Release|Any CPU
	EndGlobalSection
	GlobalSection(SolutionProperties) = preSolution
		HideSolutionNode = FALSE
	EndGlobalSection
	GlobalSection(ExtensibilityGlobals) = postSolution
		SolutionGuid = {1D6FD5BE-D672-4329-BA16-C6A094434770}
	EndGlobalSection
EndGlobal
